{
  "name": "al-musafir-server",
  "lockfileVersion": 3,
  "requires": true,
  "packages": {
    "": {
      "name": "al-musafir-server",
      "dependencies": {
        "@hono/node-server": "^1.19.7",
        "dotenv": "^17.2.3",
        "hono": "^4.10.8"
      },
      "engines": {
        "node": ">=18"
      }
    },
    "node_modules/@hono/node-server": {
      "version": "1.19.7",
      "resolved": "https://registry.npmjs.org/@hono/node-server/-/node-server-1.19.7.tgz",
      "integrity": "sha512-vUcD0uauS7EU2caukW8z5lJKtoGMokxNbJtBiwHgpqxEXokaHCBkQUmCHhjFB1VUTWdqj25QoMkMKzgjq+uhrw==",
      "license": "MIT",
      "engines": {
        "node": ">=18.14.1"
      },
      "peerDependencies": {
        "hono": "^4"
      }
    },
    "node_modules/dotenv": {
      "version": "17.2.3",
      "resolved": "https://registry.npmjs.org/dotenv/-/dotenv-17.2.3.tgz",
      "integrity": "sha512-JVUnt+DUIzu87TABbhPmNfVdBDt18BLOWjMUFJMSi/Qqg7NTYtabbvSNJGOJ7afbRuv9D/lngizHtP7QyLQ+9w==",
      "license": "BSD-2-Clause",
      "engines": {
        "node": ">=12"
      },
      "funding": {
        "url": "https://dotenvx.com"
      }
    },
    "node_modules/hono": {
      "version": "4.10.8",
      "resolved": "https://registry.npmjs.org/hono/-/hono-4.10.8.tgz",
      "integrity": "sha512-DDT0A0r6wzhe8zCGoYOmMeuGu3dyTAE40HHjwUsWFTEy5WxK1x2WDSsBPlEXgPbRIFY6miDualuUDbasPogIww==",
      "license": "MIT",
      "engines": {
        "node": ">=16.9.0"
      }
    }
  }
}
