# This file is generated by running "yarn install" inside your project.
# Manual changes might be lost - proceed with caution!

__metadata:
  version: 8
  cacheKey: 10c0

"@hono/node-server@npm:^1.19.7":
  version: 1.19.7
  resolution: "@hono/node-server@npm:1.19.7"
  peerDependencies:
    hono: ^4
  checksum: 10c0/293818e02a9100122a9319fba7032a3bae86d5f98f55d1a0ff4843c2b729eb6b471978ea15e29f4fb680c6a0be23a6e5a2132f3790ab31e88fb0b6b6fcc6829e
  languageName: node
  linkType: hard

"cors@npm:^2.8.5":
  version: 2.8.5
  resolution: "cors@npm:2.8.5"
  dependencies:
    object-assign: "npm:^4"
    vary: "npm:^1"
  checksum: 10c0/373702b7999409922da80de4a61938aabba6929aea5b6fd9096fefb9e8342f626c0ebd7507b0e8b0b311380744cc985f27edebc0a26e0ddb784b54e1085de761
  languageName: node
  linkType: hard

"dotenv@npm:^17.2.3":
  version: 17.2.3
  resolution: "dotenv@npm:17.2.3"
  checksum: 10c0/c884403209f713214a1b64d4d1defa4934c2aa5b0002f5a670ae298a51e3c3ad3ba79dfee2f8df49f01ae74290fcd9acdb1ab1d09c7bfb42b539036108bb2ba0
  languageName: node
  linkType: hard

"hono@npm:^4.10.8":
  version: 4.10.8
  resolution: "hono@npm:4.10.8"
  checksum: 10c0/4b8d9f9f982a16e0bd7aeb0c068df5017ceb1ea8d34530c7d362d8afc5c5abda8961e8484a4424cc43428454f92fb67df6849391ebe676bea486bbb3ba9ee11b
  languageName: node
  linkType: hard

"object-assign@npm:^4":
  version: 4.1.1
  resolution: "object-assign@npm:4.1.1"
  checksum: 10c0/1f4df9945120325d041ccf7b86f31e8bcc14e73d29171e37a7903050e96b81323784ec59f93f102ec635bcf6fa8034ba3ea0a8c7e69fa202b87ae3b6cec5a414
  languageName: node
  linkType: hard

"server@workspace:.":
  version: 0.0.0-use.local
  resolution: "server@workspace:."
  dependencies:
    "@hono/node-server": "npm:^1.19.7"
    cors: "npm:^2.8.5"
    dotenv: "npm:^17.2.3"
    hono: "npm:^4.10.8"
  languageName: unknown
  linkType: soft

"vary@npm:^1":
  version: 1.1.2
  resolution: "vary@npm:1.1.2"
  checksum: 10c0/f15d588d79f3675135ba783c91a4083dcd290a2a5be9fcb6514220a1634e23df116847b1cc51f66bfb0644cf9353b2abb7815ae499bab06e46dd33c1a6bf1f4f
  languageName: node
  linkType: hard
